{
  "name": "darcher",
  "version": "1.0.0",
  "lockfileVersion": 1,
  "requires": true,
  "dependencies": {
    "google-protobuf": {
      "version": "3.12.2",
      "resolved": "https://registry.npmjs.org/google-protobuf/-/google-protobuf-3.12.2.tgz",
      "integrity": "sha512-4CZhpuRr1d6HjlyrxoXoocoGFnRYgKULgMtikMddA9ztRyYR59Aondv2FioyxWVamRo0rF2XpYawkTCBEQOSkA=="
    }
  }
}
